// !$*UTF8*$!
{
	archiveVersion = 1;
	classes = {
	};
	objectVersion = 54;
	objects = {

/* Begin PBXBuildFile section */
		CA4FAAAF26149DA80059F866 /* QuizBrain.swift in Sources */ = {isa = PBXBuildFile; fileRef = CA4FAAAE26149DA80059F866 /* QuizBrain.swift */; };
		CA51F86F26088FE500B717AB /* AppDelegate.swift in Sources */ = {isa = PBXBuildFile; fileRef = CA51F86E26088FE500B717AB /* AppDelegate.swift */; };
		CA51F87126088FE500B717AB /* SceneDelegate.swift in Sources */ = {isa = PBXBuildFile; fileRef = CA51F87026088FE500B717AB /* SceneDelegate.swift */; };
		CA51F87326088FE500B717AB /* HomeScreenViewController.swift in Sources */ = {isa = PBXBuildFile; fileRef = CA51F87226088FE500B717AB /* HomeScreenViewController.swift */; };
		CA51F87626088FE500B717AB /* Main.storyboard in Resources */ = {isa = PBXBuildFile; fileRef = CA51F87426088FE500B717AB /* Main.storyboard */; };
		CA51F87826088FE500B717AB /* Assets.xcassets in Resources */ = {isa = PBXBuildFile; fileRef = CA51F87726088FE500B717AB /* Assets.xcassets */; };
		CA51F87B26088FE500B717AB /* LaunchScreen.storyboard in Resources */ = {isa = PBXBuildFile; fileRef = CA51F87926088FE500B717AB /* LaunchScreen.storyboard */; };
		CA7686CD2608D3AB0088E35C /* QuizViewController.swift in Sources */ = {isa = PBXBuildFile; fileRef = CA7686CC2608D3AB0088E35C /* QuizViewController.swift */; };
		CA7686D12608D40D0088E35C /* ResultsViewController.swift in Sources */ = {isa = PBXBuildFile; fileRef = CA7686D02608D40D0088E35C /* ResultsViewController.swift */; };
		CAC93A28260A1B1400E2AA2F /* Question.swift in Sources */ = {isa = PBXBuildFile; fileRef = CAC93A27260A1B1400E2AA2F /* Question.swift */; };
/* End PBXBuildFile section */

/* Begin PBXFileReference section */
		CA4FAAAE26149DA80059F866 /* QuizBrain.swift */ = {isa = PBXFileReference; lastKnownFileType = sourcecode.swift; path = QuizBrain.swift; sourceTree = "<group>"; };
		CA51F86B26088FE500B717AB /* PersonalityTest.app */ = {isa = PBXFileReference; explicitFileType = wrapper.application; includeInIndex = 0; path = PersonalityTest.app; sourceTree = BUILT_PRODUCTS_DIR; };
		CA51F86E26088FE500B717AB /* AppDelegate.swift */ = {isa = PBXFileReference; lastKnownFileType = sourcecode.swift; path = AppDelegate.swift; sourceTree = "<group>"; };
		CA51F87026088FE500B717AB /* SceneDelegate.swift */ = {isa = PBXFileReference; lastKnownFileType = sourcecode.swift; path = SceneDelegate.swift; sourceTree = "<group>"; };
		CA51F87226088FE500B717AB /* HomeScreenViewController.swift */ = {isa = PBXFileReference; lastKnownFileType = sourcecode.swift; path = HomeScreenViewController.swift; sourceTree = "<group>"; };
		CA51F87526088FE500B717AB /* Base */ = {isa = PBXFileReference; lastKnownFileType = file.storyboard; name = Base; path = Base.lproj/Main.storyboard; sourceTree = "<group>"; };
		CA51F87726088FE500B717AB /* Assets.xcassets */ = {isa = PBXFileReference; lastKnownFileType = folder.assetcatalog; path = Assets.xcassets; sourceTree = "<group>"; };
		CA51F87A26088FE500B717AB /* Base */ = {isa = PBXFileReference; lastKnownFileType = file.storyboard; name = Base; path = Base.lproj/LaunchScreen.storyboard; sourceTree = "<group>"; };
		CA51F87C26088FE500B717AB /* Info.plist */ = {isa = PBXFileReference; lastKnownFileType = text.plist.xml; path = Info.plist; sourceTree = "<group>"; };
		CA7686CC2608D3AB0088E35C /* QuizViewController.swift */ = {isa = PBXFileReference; lastKnownFileType = sourcecode.swift; path = QuizViewController.swift; sourceTree = "<group>"; };
		CA7686D02608D40D0088E35C /* ResultsViewController.swift */ = {isa = PBXFileReference; lastKnownFileType = sourcecode.swift; path = ResultsViewController.swift; sourceTree = "<group>"; };
		CAC93A27260A1B1400E2AA2F /* Question.swift */ = {isa = PBXFileReference; lastKnownFileType = sourcecode.swift; path = Question.swift; sourceTree = "<group>"; };
/* End PBXFileReference section */

/* Begin PBXFrameworksBuildPhase section */
		CA51F86826088FE500B717AB /* Frameworks */ = {
			isa = PBXFrameworksBuildPhase;
			buildActionMask = 2147483647;
			files = (
			);
			runOnlyForDeploymentPostprocessing = 0;
		};
/* End PBXFrameworksBuildPhase section */

/* Begin PBXGroup section */
		CA51F86226088FE500B717AB = {
			isa = PBXGroup;
			children = (
				CA51F86D26088FE500B717AB /* PersonalityQuiz */,
				CA51F86C26088FE500B717AB /* Products */,
			);
			sourceTree = "<group>";
		};
		CA51F86C26088FE500B717AB /* Products */ = {
			isa = PBXGroup;
			children = (
				CA51F86B26088FE500B717AB /* PersonalityTest.app */,
			);
			name = Products;
			sourceTree = "<group>";
		};
		CA51F86D26088FE500B717AB /* PersonalityQuiz */ = {
			isa = PBXGroup;
			children = (
				CA51F86E26088FE500B717AB /* AppDelegate.swift */,
				CA51F87026088FE500B717AB /* SceneDelegate.swift */,
				CA7686D72608D4870088E35C /* Model */,
				CA7686D62608D46F0088E35C /* View */,
				CA7686D42608D45E0088E35C /* Controller */,
				CA51F87926088FE500B717AB /* LaunchScreen.storyboard */,
				CA51F87726088FE500B717AB /* Assets.xcassets */,
				CA51F87C26088FE500B717AB /* Info.plist */,
			);
			path = PersonalityQuiz;
			sourceTree = "<group>";
		};
		CA7686D42608D45E0088E35C /* Controller */ = {
			isa = PBXGroup;
			children = (
				CA51F87226088FE500B717AB /* HomeScreenViewController.swift */,
				CA7686CC2608D3AB0088E35C /* QuizViewController.swift */,
				CA7686D02608D40D0088E35C /* ResultsViewController.swift */,
			);
			path = Controller;
			sourceTree = "<group>";
		};
		CA7686D62608D46F0088E35C /* View */ = {
			isa = PBXGroup;
			children = (
				CA51F87426088FE500B717AB /* Main.storyboard */,
			);
			path = View;
			sourceTree = "<group>";
		};
		CA7686D72608D4870088E35C /* Model */ = {
			isa = PBXGroup;
			children = (
				CAC93A27260A1B1400E2AA2F /* Question.swift */,
				CA4FAAAE26149DA80059F866 /* QuizBrain.swift */,
			);
			path = Model;
			sourceTree = "<group>";
		};
/* End PBXGroup section */

/* Begin PBXNativeTarget section */
		CA51F86A26088FE500B717AB /* PersonalityTest */ = {
			isa = PBXNativeTarget;
			buildConfigurationList = CA51F87F26088FE500B717AB /* Build configuration list for PBXNativeTarget "PersonalityTest" */;
			buildPhases = (
				CA51F86726088FE500B717AB /* Sources */,
				CA51F86826088FE500B717AB /* Frameworks */,
				CA51F86926088FE500B717AB /* Resources */,
			);
			buildRules = (
			);
			dependencies = (
			);
			name = PersonalityTest;
			productName = TopQuiz;
			productReference = CA51F86B26088FE500B717AB /* PersonalityTest.app */;
			productType = "com.apple.product-type.application";
		};
/* End PBXNativeTarget section */

/* Begin PBXProject section */
		CA51F86326088FE500B717AB /* Project object */ = {
			isa = PBXProject;
			attributes = {
				LastSwiftUpdateCheck = 1240;
				LastUpgradeCheck = 1240;
				TargetAttributes = {
					CA51F86A26088FE500B717AB = {
						CreatedOnToolsVersion = 12.4;
					};
				};
			};
			buildConfigurationList = CA51F86626088FE500B717AB /* Build configuration list for PBXProject "PersonalityQuiz" */;
			compatibilityVersion = "Xcode 12.0";
			developmentRegion = en;
			hasScannedForEncodings = 0;
			knownRegions = (
				en,
				Base,
			);
			mainGroup = CA51F86226088FE500B717AB;
			productRefGroup = CA51F86C26088FE500B717AB /* Products */;
			projectDirPath = "";
			projectRoot = "";
			targets = (
				CA51F86A26088FE500B717AB /* PersonalityTest */,
			);
		};
/* End PBXProject section */

/* Begin PBXResourcesBuildPhase section */
		CA51F86926088FE500B717AB /* Resources */ = {
			isa = PBXResourcesBuildPhase;
			buildActionMask = 2147483647;
			files = (
				CA51F87B26088FE500B717AB /* LaunchScreen.storyboard in Resources */,
				CA51F87826088FE500B717AB /* Assets.xcassets in Resources */,
				CA51F87626088FE500B717AB /* Main.storyboard in Resources */,
			);
			runOnlyForDeploymentPostprocessing = 0;
		};
/* End PBXResourcesBuildPhase section */

/* Begin PBXSourcesBuildPhase section */
		CA51F86726088FE500B717AB /* Sources */ = {
			isa = PBXSourcesBuildPhase;
			buildActionMask = 2147483647;
			files = (
				CA51F87326088FE500B717AB /* HomeScreenViewController.swift in Sources */,
				CA51F86F26088FE500B717AB /* AppDelegate.swift in Sources */,
				CA4FAAAF26149DA80059F866 /* QuizBrain.swift in Sources */,
				CA7686CD2608D3AB0088E35C /* QuizViewController.swift in Sources */,
				CAC93A28260A1B1400E2AA2F /* Question.swift in Sources */,
				CA7686D12608D40D0088E35C /* ResultsViewController.swift in Sources */,
				CA51F87126088FE500B717AB /* SceneDelegate.swift in Sources */,
			);
			runOnlyForDeploymentPostprocessing = 0;
		};
/* End PBXSourcesBuildPhase section */

/* Begin PBXVariantGroup section */
		CA51F87426088FE500B717AB /* Main.storyboard */ = {
			isa = PBXVariantGroup;
			children = (
				CA51F87526088FE500B717AB /* Base */,
			);
			name = Main.storyboard;
			sourceTree = "<group>";
		};
		CA51F87926088FE500B717AB /* LaunchScreen.storyboard */ = {
			isa = PBXVariantGroup;
			children = (
				CA51F87A26088FE500B717AB /* Base */,
			);
			name = LaunchScreen.storyboard;
			sourceTree = "<group>";
		};
/* End PBXVariantGroup section */

/* Begin XCBuildConfiguration section */
		CA51F87D26088FE500B717AB /* Debug */ = {
			isa = XCBuildConfiguration;
			buildSettings = {
				ALWAYS_SEARCH_USER_PATHS = NO;
				CLANG_ANALYZER_NONNULL = YES;
				CLANG_ANALYZER_NUMBER_OBJECT_CONVERSION = YES_AGGRESSIVE;
				CLANG_CXX_LANGUAGE_STANDARD = "gnu++14";
				CLANG_CXX_LIBRARY = "libc++";
				CLANG_ENABLE_MODULES = YES;
				CLANG_ENABLE_OBJC_ARC = YES;
				CLANG_ENABLE_OBJC_WEAK = YES;
				CLANG_WARN_BLOCK_CAPTURE_AUTORELEASING = YES;
				CLANG_WARN_BOOL_CONVERSION = YES;
				CLANG_WARN_COMMA = YES;
				CLANG_WARN_CONSTANT_CONVERSION = YES;
				CLANG_WARN_DEPRECATED_OBJC_IMPLEMENTATIONS = YES;
				CLANG_WARN_DIRECT_OBJC_ISA_USAGE = YES_ERROR;
				CLANG_WARN_DOCUMENTATION_COMMENTS = YES;
				CLANG_WARN_EMPTY_BODY = YES;
				CLANG_WARN_ENUM_CONVERSION = YES;
				CLANG_WARN_INFINITE_RECURSION = YES;
				CLANG_WARN_INT_CONVERSION = YES;
				CLANG_WARN_NON_LITERAL_NULL_CONVERSION = YES;
				CLANG_WARN_OBJC_IMPLICIT_RETAIN_SELF = YES;
				CLANG_WARN_OBJC_LITERAL_CONVERSION = YES;
				CLANG_WARN_OBJC_ROOT_CLASS = YES_ERROR;
				CLANG_WARN_QUOTED_INCLUDE_IN_FRAMEWORK_HEADER = YES;
				CLANG_WARN_RANGE_LOOP_ANALYSIS = YES;
				CLANG_WARN_STRICT_PROTOTYPES = YES;
				CLANG_WARN_SUSPICIOUS_MOVE = YES;
				CLANG_WARN_UNGUARDED_AVAILABILITY = YES_AGGRESSIVE;
				CLANG_WARN_UNREACHABLE_CODE = YES;
				CLANG_WARN__DUPLICATE_METHOD_MATCH = YES;
				COPY_PHASE_STRIP = NO;
				DEBUG_INFORMATION_FORMAT = dwarf;
				ENABLE_STRICT_OBJC_MSGSEND = YES;
				ENABLE_TESTABILITY = YES;
				GCC_C_LANGUAGE_STANDARD = gnu11;
				GCC_DYNAMIC_NO_PIC = NO;
				GCC_NO_COMMON_BLOCKS = YES;
				GCC_OPTIMIZATION_LEVEL = 0;
				GCC_PREPROCESSOR_DEFINITIONS = (
					"DEBUG=1",
					"$(inherited)",
				);
				GCC_WARN_64_TO_32_BIT_CONVERSION = YES;
				GCC_WARN_ABOUT_RETURN_TYPE = YES_ERROR;
				GCC_WARN_UNDECLARED_SELECTOR = YES;
				GCC_WARN_UNINITIALIZED_AUTOS = YES_AGGRESSIVE;
				GCC_WARN_UNUSED_FUNCTION = YES;
				GCC_WARN_UNUSED_VARIABLE = YES;
				IPHONEOS_DEPLOYMENT_TARGET = 13.0;
				MTL_ENABLE_DEBUG_INFO = INCLUDE_SOURCE;
				MTL_FAST_MATH = YES;
				ONLY_ACTIVE_ARCH = YES;
				SDKROOT = iphoneos;
				SWIFT_ACTIVE_COMPILATION_CONDITIONS = DEBUG;
				SWIFT_OPTIMIZATION_LEVEL = "-Onone";
			};
			name = Debug;
		};
		CA51F87E26088FE500B717AB /* Release */ = {
			isa = XCBuildConfiguration;
			buildSettings = {
				ALWAYS_SEARCH_USER_PATHS = NO;
				CLANG_ANALYZER_NONNULL = YES;
				CLANG_ANALYZER_NUMBER_OBJECT_CONVERSION = YES_AGGRESSIVE;
				CLANG_CXX_LANGUAGE_STANDARD = "gnu++14";
				CLANG_CXX_LIBRARY = "libc++";
				CLANG_ENABLE_MODULES = YES;
				CLANG_ENABLE_OBJC_ARC = YES;
				CLANG_ENABLE_OBJC_WEAK = YES;
				CLANG_WARN_BLOCK_CAPTURE_AUTORELEASING = YES;
				CLANG_WARN_BOOL_CONVERSION = YES;
				CLANG_WARN_COMMA = YES;
				CLANG_WARN_CONSTANT_CONVERSION = YES;
				CLANG_WARN_DEPRECATED_OBJC_IMPLEMENTATIONS = YES;
				CLANG_WARN_DIRECT_OBJC_ISA_USAGE = YES_ERROR;
				CLANG_WARN_DOCUMENTATION_COMMENTS = YES;
				CLANG_WARN_EMPTY_BODY = YES;
				CLANG_WARN_ENUM_CONVERSION = YES;
				CLANG_WARN_INFINITE_RECURSION = YES;
				CLANG_WARN_INT_CONVERSION = YES;
				CLANG_WARN_NON_LITERAL_NULL_CONVERSION = YES;
				CLANG_WARN_OBJC_IMPLICIT_RETAIN_SELF = YES;
				CLANG_WARN_OBJC_LITERAL_CONVERSION = YES;
				CLANG_WARN_OBJC_ROOT_CLASS = YES_ERROR;
				CLANG_WARN_QUOTED_INCLUDE_IN_FRAMEWORK_HEADER = YES;
				CLANG_WARN_RANGE_LOOP_ANALYSIS = YES;
				CLANG_WARN_STRICT_PROTOTYPES = YES;
				CLANG_WARN_SUSPICIOUS_MOVE = YES;
				CLANG_WARN_UNGUARDED_AVAILABILITY = YES_AGGRESSIVE;
				CLANG_WARN_UNREACHABLE_CODE = YES;
				CLANG_WARN__DUPLICATE_METHOD_MATCH = YES;
				COPY_PHASE_STRIP = NO;
				DEBUG_INFORMATION_FORMAT = "dwarf-with-dsym";
				ENABLE_NS_ASSERTIONS = NO;
				ENABLE_STRICT_OBJC_MSGSEND = YES;
				GCC_C_LANGUAGE_STANDARD = gnu11;
				GCC_NO_COMMON_BLOCKS = YES;
				GCC_WARN_64_TO_32_BIT_CONVERSION = YES;
				GCC_WARN_ABOUT_RETURN_TYPE = YES_ERROR;
				GCC_WARN_UNDECLARED_SELECTOR = YES;
				GCC_WARN_UNINITIALIZED_AUTOS = YES_AGGRESSIVE;
				GCC_WARN_UNUSED_FUNCTION = YES;
				GCC_WARN_UNUSED_VARIABLE = YES;
				IPHONEOS_DEPLOYMENT_TARGET = 13.0;
				MTL_ENABLE_DEBUG_INFO = NO;
				MTL_FAST_MATH = YES;
				SDKROOT = iphoneos;
				SWIFT_COMPILATION_MODE = wholemodule;
				SWIFT_OPTIMIZATION_LEVEL = "-O";
				VALIDATE_PRODUCT = YES;
			};
			name = Release;
		};
		CA51F88026088FE500B717AB /* Debug */ = {
			isa = XCBuildConfiguration;
			buildSettings = {
				ASSETCATALOG_COMPILER_APPICON_NAME = AppIcon;
				ASSETCATALOG_COMPILER_GLOBAL_ACCENT_COLOR_NAME = AccentColor;
				CODE_SIGN_STYLE = Automatic;
				DEVELOPMENT_TEAM = 9PBPYP79WB;
				INFOPLIST_FILE = TopQuiz/Info.plist;
				LD_RUNPATH_SEARCH_PATHS = (
					"$(inherited)",
					"@executable_path/Frameworks",
				);
				PRODUCT_BUNDLE_IDENTIFIER = com.taufeeqansarisam;
				PRODUCT_NAME = "$(TARGET_NAME)";
				SWIFT_VERSION = 5.0;
				TARGETED_DEVICE_FAMILY = 1;
			};
			name = Debug;
		};
		CA51F88126088FE500B717AB /* Release */ = {
			isa = XCBuildConfiguration;
			buildSettings = {
				ASSETCATALOG_COMPILER_APPICON_NAME = AppIcon;
				ASSETCATALOG_COMPILER_GLOBAL_ACCENT_COLOR_NAME = AccentColor;
				CODE_SIGN_STYLE = Automatic;
				DEVELOPMENT_TEAM = 9PBPYP79WB;
				INFOPLIST_FILE = TopQuiz/Info.plist;
				LD_RUNPATH_SEARCH_PATHS = (
					"$(inherited)",
					"@executable_path/Frameworks",
				);
				PRODUCT_BUNDLE_IDENTIFIER = com.taufeeqansarisam;
				PRODUCT_NAME = "$(TARGET_NAME)";
				SWIFT_VERSION = 5.0;
				TARGETED_DEVICE_FAMILY = 1;
			};
			name = Release;
		};
/* End XCBuildConfiguration section */

/* Begin XCConfigurationList section */
		CA51F86626088FE500B717AB /* Build configuration list for PBXProject "PersonalityQuiz" */ = {
			isa = XCConfigurationList;
			buildConfigurations = (
				CA51F87D26088FE500B717AB /* Debug */,
				CA51F87E26088FE500B717AB /* Release */,
			);
			defaultConfigurationIsVisible = 0;
			defaultConfigurationName = Release;
		};
		CA51F87F26088FE500B717AB /* Build configuration list for PBXNativeTarget "PersonalityTest" */ = {
			isa = XCConfigurationList;
			buildConfigurations = (
				CA51F88026088FE500B717AB /* Debug */,
				CA51F88126088FE500B717AB /* Release */,
			);
			defaultConfigurationIsVisible = 0;
			defaultConfigurationName = Release;
		};
/* End XCConfigurationList section */
	};
	rootObject = CA51F86326088FE500B717AB /* Project object */;
}
